// !$*UTF8*$!
{
	archiveVersion = 1;
	classes = {
	};
	objectVersion = 46;
	objects = {

/* Begin PBXBuildFile section */
		E8143BD41FDBD4BA00FD93D2 /* ResourcePath.mm in Sources */ = {isa = PBXBuildFile; fileRef = E8143BD31FDBD4BA00FD93D2 /* ResourcePath.mm */; };
		E8143BDA1FDBD4BA00FD93D2 /* cute_image.jpg in Resources */ = {isa = PBXBuildFile; fileRef = E8143BD91FDBD4BA00FD93D2 /* cute_image.jpg */; };
		E8143BDC1FDBD4BA00FD93D2 /* nice_music.ogg in Resources */ = {isa = PBXBuildFile; fileRef = E8143BDB1FDBD4BA00FD93D2 /* nice_music.ogg */; };
		E8143BDE1FDBD4BA00FD93D2 /* sansation.ttf in Resources */ = {isa = PBXBuildFile; fileRef = E8143BDD1FDBD4BA00FD93D2 /* sansation.ttf */; };
		E8143BE01FDBD4BA00FD93D2 /* icon.png in Resources */ = {isa = PBXBuildFile; fileRef = E8143BDF1FDBD4BA00FD93D2 /* icon.png */; };
		E8143BE91FDBD9D000FD93D2 /* tictactoe.cpp in Sources */ = {isa = PBXBuildFile; fileRef = E8143BE81FDBD9D000FD93D2 /* tictactoe.cpp */; };
		E8143BED1FDBDC7800FD93D2 /* cross.png in Resources */ = {isa = PBXBuildFile; fileRef = E8143BEA1FDBDC7800FD93D2 /* cross.png */; };
		E8143BEF1FDBDC7800FD93D2 /* zero.png in Resources */ = {isa = PBXBuildFile; fileRef = E8143BEC1FDBDC7800FD93D2 /* zero.png */; };
		E8143BF11FDBDCB100FD93D2 /* name.png in Resources */ = {isa = PBXBuildFile; fileRef = E8143BF01FDBDCB100FD93D2 /* name.png */; };
		E8143BF31FDBDE7500FD93D2 /* tictactoeboard.png in Resources */ = {isa = PBXBuildFile; fileRef = E8143BF21FDBDE7500FD93D2 /* tictactoeboard.png */; };
/* End PBXBuildFile section */

/* Begin PBXFileReference section */
		E8143BCE1FDBD4BA00FD93D2 /* orange.app */ = {isa = PBXFileReference; explicitFileType = wrapper.application; includeInIndex = 0; path = orange.app; sourceTree = BUILT_PRODUCTS_DIR; };
		E8143BD21FDBD4BA00FD93D2 /* orange-Info.plist */ = {isa = PBXFileReference; lastKnownFileType = text.plist.xml; path = "orange-Info.plist"; sourceTree = "<group>"; };
		E8143BD31FDBD4BA00FD93D2 /* ResourcePath.mm */ = {isa = PBXFileReference; lastKnownFileType = sourcecode.cpp.objcpp; path = ResourcePath.mm; sourceTree = "<group>"; };
		E8143BD51FDBD4BA00FD93D2 /* ResourcePath.hpp */ = {isa = PBXFileReference; lastKnownFileType = sourcecode.cpp.h; path = ResourcePath.hpp; sourceTree = "<group>"; };
		E8143BD61FDBD4BA00FD93D2 /* main.cpp */ = {isa = PBXFileReference; lastKnownFileType = sourcecode.cpp.cpp; path = main.cpp; sourceTree = "<group>"; };
		E8143BD91FDBD4BA00FD93D2 /* cute_image.jpg */ = {isa = PBXFileReference; lastKnownFileType = image.jpeg; path = cute_image.jpg; sourceTree = "<group>"; };
		E8143BDB1FDBD4BA00FD93D2 /* nice_music.ogg */ = {isa = PBXFileReference; lastKnownFileType = file; path = nice_music.ogg; sourceTree = "<group>"; };
		E8143BDD1FDBD4BA00FD93D2 /* sansation.ttf */ = {isa = PBXFileReference; lastKnownFileType = file; path = sansation.ttf; sourceTree = "<group>"; };
		E8143BDF1FDBD4BA00FD93D2 /* icon.png */ = {isa = PBXFileReference; lastKnownFileType = image.png; path = icon.png; sourceTree = "<group>"; };
		E8143BE81FDBD9D000FD93D2 /* tictactoe.cpp */ = {isa = PBXFileReference; fileEncoding = 4; lastKnownFileType = sourcecode.cpp.cpp; path = tictactoe.cpp; sourceTree = "<group>"; };
		E8143BEA1FDBDC7800FD93D2 /* cross.png */ = {isa = PBXFileReference; lastKnownFileType = image.png; path = cross.png; sourceTree = "<group>"; };
		E8143BEC1FDBDC7800FD93D2 /* zero.png */ = {isa = PBXFileReference; lastKnownFileType = image.png; path = zero.png; sourceTree = "<group>"; };
		E8143BF01FDBDCB100FD93D2 /* name.png */ = {isa = PBXFileReference; lastKnownFileType = image.png; path = name.png; sourceTree = "<group>"; };
		E8143BF21FDBDE7500FD93D2 /* tictactoeboard.png */ = {isa = PBXFileReference; lastKnownFileType = image.png; path = tictactoeboard.png; sourceTree = "<group>"; };
/* End PBXFileReference section */

/* Begin PBXFrameworksBuildPhase section */
		E8143BCA1FDBD4BA00FD93D2 /* Frameworks */ = {
			isa = PBXFrameworksBuildPhase;
			buildActionMask = 2147483647;
			files = (
			);
			runOnlyForDeploymentPostprocessing = 0;
		};
/* End PBXFrameworksBuildPhase section */

/* Begin PBXGroup section */
		E8143BC41FDBD4BA00FD93D2 = {
			isa = PBXGroup;
			children = (
				E8143BD01FDBD4BA00FD93D2 /* orange */,
				E8143BCF1FDBD4BA00FD93D2 /* Products */,
			);
			sourceTree = "<group>";
		};
		E8143BCF1FDBD4BA00FD93D2 /* Products */ = {
			isa = PBXGroup;
			children = (
				E8143BCE1FDBD4BA00FD93D2 /* orange.app */,
			);
			name = Products;
			sourceTree = "<group>";
		};
		E8143BD01FDBD4BA00FD93D2 /* orange */ = {
			isa = PBXGroup;
			children = (
				E8143BD31FDBD4BA00FD93D2 /* ResourcePath.mm */,
				E8143BD51FDBD4BA00FD93D2 /* ResourcePath.hpp */,
				E8143BD61FDBD4BA00FD93D2 /* main.cpp */,
				E8143BE81FDBD9D000FD93D2 /* tictactoe.cpp */,
				E8143BD81FDBD4BA00FD93D2 /* Resources */,
				E8143BD11FDBD4BA00FD93D2 /* Supporting Files */,
			);
			path = orange;
			sourceTree = "<group>";
		};
		E8143BD11FDBD4BA00FD93D2 /* Supporting Files */ = {
			isa = PBXGroup;
			children = (
				E8143BD21FDBD4BA00FD93D2 /* orange-Info.plist */,
			);
			name = "Supporting Files";
			sourceTree = "<group>";
		};
		E8143BD81FDBD4BA00FD93D2 /* Resources */ = {
			isa = PBXGroup;
			children = (
				E8143BD91FDBD4BA00FD93D2 /* cute_image.jpg */,
				E8143BDB1FDBD4BA00FD93D2 /* nice_music.ogg */,
				E8143BEA1FDBDC7800FD93D2 /* cross.png */,
				E8143BF01FDBDCB100FD93D2 /* name.png */,
				E8143BF21FDBDE7500FD93D2 /* tictactoeboard.png */,
				E8143BEC1FDBDC7800FD93D2 /* zero.png */,
				E8143BDD1FDBD4BA00FD93D2 /* sansation.ttf */,
				E8143BDF1FDBD4BA00FD93D2 /* icon.png */,
			);
			name = Resources;
			sourceTree = "<group>";
		};
/* End PBXGroup section */

/* Begin PBXNativeTarget section */
		E8143BCD1FDBD4BA00FD93D2 /* orange */ = {
			isa = PBXNativeTarget;
			buildConfigurationList = E8143BE31FDBD4BA00FD93D2 /* Build configuration list for PBXNativeTarget "orange" */;
			buildPhases = (
				E8143BC91FDBD4BA00FD93D2 /* Sources */,
				E8143BCA1FDBD4BA00FD93D2 /* Frameworks */,
				E8143BCB1FDBD4BA00FD93D2 /* Resources */,
				E8143BCC1FDBD4BA00FD93D2 /* ShellScript */,
			);
			buildRules = (
			);
			dependencies = (
			);
			name = orange;
			productName = orange;
			productReference = E8143BCE1FDBD4BA00FD93D2 /* orange.app */;
			productType = "com.apple.product-type.application";
		};
/* End PBXNativeTarget section */

/* Begin PBXProject section */
		E8143BC51FDBD4BA00FD93D2 /* Project object */ = {
			isa = PBXProject;
			attributes = {
				LastUpgradeCheck = 0800;
				ORGANIZATIONNAME = "Rahul Jain";
				TargetAttributes = {
					E8143BCD1FDBD4BA00FD93D2 = {
						CreatedOnToolsVersion = 8.0;
						ProvisioningStyle = Automatic;
					};
				};
			};
			buildConfigurationList = E8143BC81FDBD4BA00FD93D2 /* Build configuration list for PBXProject "orange" */;
			compatibilityVersion = "Xcode 3.2";
			developmentRegion = English;
			hasScannedForEncodings = 0;
			knownRegions = (
				en,
			);
			mainGroup = E8143BC41FDBD4BA00FD93D2;
			productRefGroup = E8143BCF1FDBD4BA00FD93D2 /* Products */;
			projectDirPath = "";
			projectRoot = "";
			targets = (
				E8143BCD1FDBD4BA00FD93D2 /* orange */,
			);
		};
/* End PBXProject section */

/* Begin PBXResourcesBuildPhase section */
		E8143BCB1FDBD4BA00FD93D2 /* Resources */ = {
			isa = PBXResourcesBuildPhase;
			buildActionMask = 2147483647;
			files = (
				E8143BED1FDBDC7800FD93D2 /* cross.png in Resources */,
				E8143BE01FDBD4BA00FD93D2 /* icon.png in Resources */,
				E8143BEF1FDBDC7800FD93D2 /* zero.png in Resources */,
				E8143BF11FDBDCB100FD93D2 /* name.png in Resources */,
				E8143BDE1FDBD4BA00FD93D2 /* sansation.ttf in Resources */,
				E8143BF31FDBDE7500FD93D2 /* tictactoeboard.png in Resources */,
				E8143BDC1FDBD4BA00FD93D2 /* nice_music.ogg in Resources */,
				E8143BDA1FDBD4BA00FD93D2 /* cute_image.jpg in Resources */,
			);
			runOnlyForDeploymentPostprocessing = 0;
		};
/* End PBXResourcesBuildPhase section */

/* Begin PBXShellScriptBuildPhase section */
		E8143BCC1FDBD4BA00FD93D2 /* ShellScript */ = {
			isa = PBXShellScriptBuildPhase;
			buildActionMask = 2147483647;
			files = (
			);
			inputPaths = (
			);
			outputPaths = (
			);
			runOnlyForDeploymentPostprocessing = 0;
			shellPath = /bin/sh;
			shellScript = "# This shell script simply copies required SFML dylibs/frameworks into the application bundle frameworks folder.\n# If you're using static libraries (which is not recommended) you should remove this script from your project.\n\n# SETTINGS\nCMAKE_INSTALL_FRAMEWORK_PREFIX=\"/Library/Frameworks\"\nCMAKE_INSTALL_LIB_PREFIX=\"/usr/local/lib\"\nFRAMEWORKS_FULL_PATH=\"$BUILT_PRODUCTS_DIR/$FRAMEWORKS_FOLDER_PATH/\"\n\n# Are we building a project that uses frameworks or dylibs?\ncase \"$SFML_BINARY_TYPE\" in\n    DYLIBS)\n        frameworks=\"false\"\n        ;;\n    *)\n        frameworks=\"true\"\n        ;;\nesac\n\n# Echoes to stderr\nerror () # $* message to display\n{\n    echo $* 1>&2\n    exit 2\n}\n\nassert () # $1 is a boolean, $2...N is an error message\n{\n    if [ $# -lt 2 ]\n    then\n        error \"Internal error in assert: not enough args\"\n    fi\n\n    if [ $1 -ne 0 ]\n    then\n        shift\n        error \"$*\"\n    fi\n}\n\nforce_remove () # $@ is some paths\n{\n    test $# -ge 1\n    assert $? \"force_remove() requires at least one parameter\"\n    rm -fr $@\n    assert $? \"couldn't remove $@\"\n}\n\ncopy () # $1 is a source, $2 is a destination\n{\n    test $# -eq 2\n    assert $? \"copy() requires two parameters\"\n    ditto \"$1\" \"$2\"\n    assert $? \"couldn't copy $1 to $2\"\n}\n\nrequire () # $1 is a SFML module like 'system' or 'audio'\n{\n    dest=\"$BUILT_PRODUCTS_DIR/$FRAMEWORKS_FOLDER_PATH/\"\n\n    if [ -z \"$1\" ]\n    then\n        error \"require() requires one parameter!\"\n    else\n        # clean potentially old stuff\n        force_remove \"$dest/libsfml-$1\"*\n        force_remove \"$dest/sfml-$1.framework\"\n\n        # copy SFML libraries\n        if [ \"$frameworks\" = \"true\" ]\n        then\n            source=\"$CMAKE_INSTALL_FRAMEWORK_PREFIX/sfml-$1.framework\"\n            target=\"sfml-$1.framework\"\n        elif [ \"$SFML_LINK_DYLIBS_SUFFIX\" = \"-d\" ]\n        then\n            source=\"$CMAKE_INSTALL_LIB_PREFIX/libsfml-$1-d.dylib\"\n            target=\"`readlink $source`\"\n        else\n            source=\"$CMAKE_INSTALL_LIB_PREFIX/libsfml-$1.dylib\"\n            target=\"`readlink $source`\"\n        fi\n\n        copy \"$source\" \"$dest/$target\"\n\n        # copy extra dependencies\n        if [ \"$1\" = \"audio\" ]\n        then\n            # copy \"FLAC\" \"ogg\" \"vorbis\" \"vorbisenc\" \"vorbisfile\" \"OpenAL\" frameworks too\n            for f in \"FLAC\" \"ogg\" \"vorbis\" \"vorbisenc\" \"vorbisfile\" \"OpenAL\"\n            do\n                copy \"$CMAKE_INSTALL_FRAMEWORK_PREFIX/$f.framework\" \"$dest/$f.framework\"\n            done\n        elif [ \"$1\" = \"graphics\" ]\n        then\n            copy \"$CMAKE_INSTALL_FRAMEWORK_PREFIX/freetype.framework\" \"$dest/freetype.framework\"\n        fi\n    fi\n}\n\nif [ -n \"$SFML_SYSTEM\" ]\nthen\n    require \"system\"\nfi\n\nif [ -n \"$SFML_AUDIO\" ]\nthen\n    require \"audio\"\nfi\n\nif [ -n \"$SFML_NETWORK\" ]\nthen\n    require \"network\"\nfi\n\nif [ -n \"$SFML_WINDOW\" ]\nthen\n    require \"window\"\nfi\n\nif [ -n \"$SFML_GRAPHICS\" ]\nthen\n    require \"graphics\"\nfi\n\n                ";
		};
/* End PBXShellScriptBuildPhase section */

/* Begin PBXSourcesBuildPhase section */
		E8143BC91FDBD4BA00FD93D2 /* Sources */ = {
			isa = PBXSourcesBuildPhase;
			buildActionMask = 2147483647;
			files = (
				E8143BE91FDBD9D000FD93D2 /* tictactoe.cpp in Sources */,
				E8143BD41FDBD4BA00FD93D2 /* ResourcePath.mm in Sources */,
			);
			runOnlyForDeploymentPostprocessing = 0;
		};
/* End PBXSourcesBuildPhase section */

/* Begin XCBuildConfiguration section */
		E8143BE11FDBD4BA00FD93D2 /* Debug */ = {
			isa = XCBuildConfiguration;
			buildSettings = {
				ARCHS = "$(NATIVE_ARCH_ACTUAL)";
				CLANG_CXX_LANGUAGE_STANDARD = "c++0x";
				CLANG_CXX_LIBRARY = "libc++";
				FRAMEWORK_SEARCH_PATHS = (
					/Library/Frameworks/,
					"$(inherited)",
				);
				GCC_VERSION = com.apple.compilers.llvm.clang.1_0;
				HEADER_SEARCH_PATHS = (
					/usr/local/include/,
					"$(inherited)",
				);
				LIBRARY_SEARCH_PATHS = (
					/usr/local/lib/,
					"$(inherited)",
				);
				MACOSX_DEPLOYMENT_TARGET = 10.7;
				OTHER_LDFLAGS = (
					"$(inherited)",
					"$(SFML_SYSTEM)",
					"$(SFML_WINDOW)",
					"$(SFML_GRAPHICS)",
					"$(SFML_AUDIO)",
					"$(SFML_NETWORK)",
				);
				SFML_AUDIO = "$(SFML_LINK_PREFIX) sfml-audio$(SFML_LINK_SUFFIX)";
				SFML_BINARY_TYPE = FRAMEWORKS;
				SFML_GRAPHICS = "$(SFML_LINK_PREFIX) sfml-graphics$(SFML_LINK_SUFFIX)";
				SFML_LINK_DYLIBS_PREFIX = "-l";
				SFML_LINK_DYLIBS_SUFFIX = "";
				SFML_LINK_FRAMEWORKS_PREFIX = "-framework";
				SFML_LINK_FRAMEWORKS_SUFFIX = "";
				SFML_LINK_PREFIX = "$(SFML_LINK_$(SFML_BINARY_TYPE)_PREFIX)";
				SFML_LINK_SUFFIX = "$(SFML_LINK_$(SFML_BINARY_TYPE)_SUFFIX)";
				SFML_NETWORK = "$(SFML_LINK_PREFIX) sfml-network$(SFML_LINK_SUFFIX)";
				SFML_SYSTEM = "$(SFML_LINK_PREFIX) sfml-system$(SFML_LINK_SUFFIX)";
				SFML_WINDOW = "$(SFML_LINK_PREFIX) sfml-window$(SFML_LINK_SUFFIX)";
				SUPPORTED_PLATFORMS = macosx;
			};
			name = Debug;
		};
		E8143BE21FDBD4BA00FD93D2 /* Release */ = {
			isa = XCBuildConfiguration;
			buildSettings = {
				ARCHS = "$(NATIVE_ARCH_ACTUAL)";
				CLANG_CXX_LANGUAGE_STANDARD = "c++0x";
				CLANG_CXX_LIBRARY = "libc++";
				FRAMEWORK_SEARCH_PATHS = (
					/Library/Frameworks/,
					"$(inherited)",
				);
				GCC_VERSION = com.apple.compilers.llvm.clang.1_0;
				HEADER_SEARCH_PATHS = (
					/usr/local/include/,
					"$(inherited)",
				);
				LIBRARY_SEARCH_PATHS = (
					/usr/local/lib/,
					"$(inherited)",
				);
				MACOSX_DEPLOYMENT_TARGET = 10.7;
				OTHER_LDFLAGS = (
					"$(inherited)",
					"$(SFML_SYSTEM)",
					"$(SFML_WINDOW)",
					"$(SFML_GRAPHICS)",
					"$(SFML_AUDIO)",
					"$(SFML_NETWORK)",
				);
				SFML_AUDIO = "$(SFML_LINK_PREFIX) sfml-audio$(SFML_LINK_SUFFIX)";
				SFML_BINARY_TYPE = FRAMEWORKS;
				SFML_GRAPHICS = "$(SFML_LINK_PREFIX) sfml-graphics$(SFML_LINK_SUFFIX)";
				SFML_LINK_DYLIBS_PREFIX = "-l";
				SFML_LINK_DYLIBS_SUFFIX = "";
				SFML_LINK_FRAMEWORKS_PREFIX = "-framework";
				SFML_LINK_FRAMEWORKS_SUFFIX = "";
				SFML_LINK_PREFIX = "$(SFML_LINK_$(SFML_BINARY_TYPE)_PREFIX)";
				SFML_LINK_SUFFIX = "$(SFML_LINK_$(SFML_BINARY_TYPE)_SUFFIX)";
				SFML_NETWORK = "$(SFML_LINK_PREFIX) sfml-network$(SFML_LINK_SUFFIX)";
				SFML_SYSTEM = "$(SFML_LINK_PREFIX) sfml-system$(SFML_LINK_SUFFIX)";
				SFML_WINDOW = "$(SFML_LINK_PREFIX) sfml-window$(SFML_LINK_SUFFIX)";
				SUPPORTED_PLATFORMS = macosx;
			};
			name = Release;
		};
		E8143BE41FDBD4BA00FD93D2 /* Debug */ = {
			isa = XCBuildConfiguration;
			buildSettings = {
				INFOPLIST_FILE = "orange/orange-Info.plist";
				LD_RUNPATH_SEARCH_PATHS = "@loader_path/../Frameworks";
				PRODUCT_NAME = "$(TARGET_NAME)";
			};
			name = Debug;
		};
		E8143BE51FDBD4BA00FD93D2 /* Release */ = {
			isa = XCBuildConfiguration;
			buildSettings = {
				INFOPLIST_FILE = "orange/orange-Info.plist";
				LD_RUNPATH_SEARCH_PATHS = "@loader_path/../Frameworks";
				PRODUCT_NAME = "$(TARGET_NAME)";
			};
			name = Release;
		};
/* End XCBuildConfiguration section */

/* Begin XCConfigurationList section */
		E8143BC81FDBD4BA00FD93D2 /* Build configuration list for PBXProject "orange" */ = {
			isa = XCConfigurationList;
			buildConfigurations = (
				E8143BE11FDBD4BA00FD93D2 /* Debug */,
				E8143BE21FDBD4BA00FD93D2 /* Release */,
			);
			defaultConfigurationIsVisible = 0;
			defaultConfigurationName = Release;
		};
		E8143BE31FDBD4BA00FD93D2 /* Build configuration list for PBXNativeTarget "orange" */ = {
			isa = XCConfigurationList;
			buildConfigurations = (
				E8143BE41FDBD4BA00FD93D2 /* Debug */,
				E8143BE51FDBD4BA00FD93D2 /* Release */,
			);
			defaultConfigurationIsVisible = 0;
		};
/* End XCConfigurationList section */
	};
	rootObject = E8143BC51FDBD4BA00FD93D2 /* Project object */;
}
